
Microsoft Visual Studio Solution File, Format Version 12.00
# Visual Studio 15
VisualStudioVersion = 15.0.28010.2026
MinimumVisualStudioVersion = 10.0.40219.1
Project("{9A19103F-16F7-4668-BE54-9A1E7A4F7556}") = "TempMail.Example", "src\TempMail.Example\TempMail.Example.csproj", "{BF85CB00-E1CF-487A-A66C-299EB2EDC875}"
EndProject
Project("{9A19103F-16F7-4668-BE54-9A1E7A4F7556}") = "TempMail.API", "src\TempMail.API\TempMail.API.csproj", "{C139731C-52B9-4D1C-86B4-C360765FE9EA}"
EndProject
Global
	GlobalSection(SolutionConfigurationPlatforms) = preSolution
		Debug|Any CPU = Debug|Any CPU
		Release|Any CPU = Release|Any CPU
	EndGlobalSection
	GlobalSection(ProjectConfigurationPlatforms) = postSolution
		{BF85CB00-E1CF-487A-A66C-299EB2EDC875}.Debug|Any CPU.ActiveCfg = Debug|Any CPU
		{BF85CB00-E1CF-487A-A66C-299EB2EDC875}.Debug|Any CPU.Build.0 = Debug|Any CPU
		{BF85CB00-E1CF-487A-A66C-299EB2EDC875}.Release|Any CPU.ActiveCfg = Release|Any CPU
		{BF85CB00-E1CF-487A-A66C-299EB2EDC875}.Release|Any CPU.Build.0 = Release|Any CPU
		{C139731C-52B9-4D1C-86B4-C360765FE9EA}.Debug|Any CPU.ActiveCfg = Debug|Any CPU
		{C139731C-52B9-4D1C-86B4-C360765FE9EA}.Debug|Any CPU.Build.0 = Debug|Any CPU
		{C139731C-52B9-4D1C-86B4-C360765FE9EA}.Release|Any CPU.ActiveCfg = Release|Any CPU
		{C139731C-52B9-4D1C-86B4-C360765FE9EA}.Release|Any CPU.Build.0 = Release|Any CPU
	EndGlobalSection
	GlobalSection(SolutionProperties) = preSolution
		HideSolutionNode = FALSE
	EndGlobalSection
	GlobalSection(ExtensibilityGlobals) = postSolution
		SolutionGuid = {A8F91B9C-1A56-46D0-8C46-F1D5FEB38187}
	EndGlobalSection
EndGlobal
