
Microsoft Visual Studio Solution File, Format Version 12.00
# Visual Studio 15
VisualStudioVersion = 15.0.28010.2026
MinimumVisualStudioVersion = 10.0.40219.1
Project("{FAE04EC0-301F-11D3-BF4B-00C04F79EFBC}") = "TempMail-API", "TempMail-API\TempMail-API.csproj", "{84619ECD-77CD-46A0-BF64-621C5397ED2B}"
EndProject
Global
	GlobalSection(SolutionConfigurationPlatforms) = preSolution
		Debug|Any CPU = Debug|Any CPU
		Release|Any CPU = Release|Any CPU
	EndGlobalSection
	GlobalSection(ProjectConfigurationPlatforms) = postSolution
		{84619ECD-77CD-46A0-BF64-621C5397ED2B}.Debug|Any CPU.ActiveCfg = Debug|Any CPU
		{84619ECD-77CD-46A0-BF64-621C5397ED2B}.Debug|Any CPU.Build.0 = Debug|Any CPU
		{84619ECD-77CD-46A0-BF64-621C5397ED2B}.Release|Any CPU.ActiveCfg = Release|Any CPU
		{84619ECD-77CD-46A0-BF64-621C5397ED2B}.Release|Any CPU.Build.0 = Release|Any CPU
	EndGlobalSection
	GlobalSection(SolutionProperties) = preSolution
		HideSolutionNode = FALSE
	EndGlobalSection
	GlobalSection(ExtensibilityGlobals) = postSolution
		SolutionGuid = {760D81B2-EBFA-4E8D-A6D7-4C7107DD3A77}
	EndGlobalSection
EndGlobal
